
Microsoft Visual Studio Solution File, Format Version 12.00
# Visual Studio Version 17
VisualStudioVersion = 17.14.36518.9 d17.14
MinimumVisualStudioVersion = 10.0.40219.1
Project("{FAE04EC0-301F-11D3-BF4B-00C04F79EFBC}") = "Internship.Traning", "Internship.Traning\Internship.Traning.csproj", "{16BDF00B-CD52-417C-B822-D6E71F7108E6}"
EndProject
Global
	GlobalSection(SolutionConfigurationPlatforms) = preSolution
		Debug|Any CPU = Debug|Any CPU
		Release|Any CPU = Release|Any CPU
	EndGlobalSection
	GlobalSection(ProjectConfigurationPlatforms) = postSolution
		{16BDF00B-CD52-417C-B822-D6E71F7108E6}.Debug|Any CPU.ActiveCfg = Debug|Any CPU
		{16BDF00B-CD52-417C-B822-D6E71F7108E6}.Debug|Any CPU.Build.0 = Debug|Any CPU
		{16BDF00B-CD52-417C-B822-D6E71F7108E6}.Release|Any CPU.ActiveCfg = Release|Any CPU
		{16BDF00B-CD52-417C-B822-D6E71F7108E6}.Release|Any CPU.Build.0 = Release|Any CPU
	EndGlobalSection
	GlobalSection(SolutionProperties) = preSolution
		HideSolutionNode = FALSE
	EndGlobalSection
	GlobalSection(ExtensibilityGlobals) = postSolution
		SolutionGuid = {B0C42723-C254-4E67-8F47-E9E4B7D016AC}
	EndGlobalSection
EndGlobal
